<?xml version="1.0" encoding="utf-8"?>
<Project ToolsVersion="4.0" xmlns="http://schemas.microsoft.com/developer/msbuild/2003">
  <ItemGroup>
    <ClCompile Include="Arrow.cpp" />
    <ClCompile Include="Enemy.cpp" />
    <ClCompile Include="Entity.cpp" />
    <ClCompile Include="GameState.cpp" />
    <ClCompile Include="Math.cpp" />
    <ClCompile Include="Player.cpp" />
    <ClCompile Include="Player.hpp" />
    <ClCompile Include="main.cpp" />
    <ClCompile Include="Skeleton.cpp" />
    <ClCompile Include="Slime.cpp" />
    <ClCompile Include="Soldier.cpp" />
    <ClCompile Include="TileMap.cpp" />
    <ClCompile Include="Boss.cpp" />
  </ItemGroup>
  <ItemGroup>
    <ClInclude Include="Arrow.hpp" />
    <ClInclude Include="Enemy.hpp" />
    <ClInclude Include="Entity.hpp" />
    <ClInclude Include="GameState.hpp" />
    <ClInclude Include="Math.hpp" />
    <ClInclude Include="Object.hpp" />
    <ClInclude Include="Skeleton.hpp" />
    <ClInclude Include="Slime.hpp" />
    <ClInclude Include="Soldier.hpp" />
    <ClInclude Include="TileMap.hpp" />
    <ClInclude Include="Boss.hpp" />
  </ItemGroup>
  <ItemGroup>
    <None Include="CakeCrusadeGTest\googletest\docs\_layouts\default.html" />
  </ItemGroup>
</Project>